
Microsoft Visual Studio Solution File, Format Version 12.00
# Visual Studio 15
VisualStudioVersion = 15.0.27130.2027
MinimumVisualStudioVersion = 10.0.40219.1
Project("{9A19103F-16F7-4668-BE54-9A1E7A4F7556}") = "MathOperation", "MathOperation\MathOperation.csproj", "{804DA6E7-7B91-4FFA-AE06-DF243677BBB0}"
EndProject
Project("{9A19103F-16F7-4668-BE54-9A1E7A4F7556}") = "Animals", "Animals\Animals.csproj", "{A69FA6F7-DF39-4894-BFEB-2272D01BC553}"
EndProject
Project("{FAE04EC0-301F-11D3-BF4B-00C04F79EFBC}") = "Shapes", "Shapes\Shapes.csproj", "{EB26B586-1BF8-45A1-A5CA-72E7C0F6EB95}"
EndProject
Global
	GlobalSection(SolutionConfigurationPlatforms) = preSolution
		Debug|Any CPU = Debug|Any CPU
		Release|Any CPU = Release|Any CPU
	EndGlobalSection
	GlobalSection(ProjectConfigurationPlatforms) = postSolution
		{804DA6E7-7B91-4FFA-AE06-DF243677BBB0}.Debug|Any CPU.ActiveCfg = Debug|Any CPU
		{804DA6E7-7B91-4FFA-AE06-DF243677BBB0}.Debug|Any CPU.Build.0 = Debug|Any CPU
		{804DA6E7-7B91-4FFA-AE06-DF243677BBB0}.Release|Any CPU.ActiveCfg = Release|Any CPU
		{804DA6E7-7B91-4FFA-AE06-DF243677BBB0}.Release|Any CPU.Build.0 = Release|Any CPU
		{A69FA6F7-DF39-4894-BFEB-2272D01BC553}.Debug|Any CPU.ActiveCfg = Debug|Any CPU
		{A69FA6F7-DF39-4894-BFEB-2272D01BC553}.Debug|Any CPU.Build.0 = Debug|Any CPU
		{A69FA6F7-DF39-4894-BFEB-2272D01BC553}.Release|Any CPU.ActiveCfg = Release|Any CPU
		{A69FA6F7-DF39-4894-BFEB-2272D01BC553}.Release|Any CPU.Build.0 = Release|Any CPU
		{EB26B586-1BF8-45A1-A5CA-72E7C0F6EB95}.Debug|Any CPU.ActiveCfg = Debug|Any CPU
		{EB26B586-1BF8-45A1-A5CA-72E7C0F6EB95}.Debug|Any CPU.Build.0 = Debug|Any CPU
		{EB26B586-1BF8-45A1-A5CA-72E7C0F6EB95}.Release|Any CPU.ActiveCfg = Release|Any CPU
		{EB26B586-1BF8-45A1-A5CA-72E7C0F6EB95}.Release|Any CPU.Build.0 = Release|Any CPU
	EndGlobalSection
	GlobalSection(SolutionProperties) = preSolution
		HideSolutionNode = FALSE
	EndGlobalSection
	GlobalSection(ExtensibilityGlobals) = postSolution
		SolutionGuid = {0D8D2A3A-9084-4700-B963-0C489B043A2E}
	EndGlobalSection
EndGlobal
