
Microsoft Visual Studio Solution File, Format Version 12.00
# Visual Studio 15
VisualStudioVersion = 15.0.27130.2027
MinimumVisualStudioVersion = 10.0.40219.1
Project("{FAE04EC0-301F-11D3-BF4B-00C04F79EFBC}") = "Bank Account", "Bank Account\Bank Account.csproj", "{231F5AA4-DFA4-415B-B10B-C436A6176350}"
EndProject
Project("{FAE04EC0-301F-11D3-BF4B-00C04F79EFBC}") = "Bank Account Methods", "Bank Account Methods\Bank Account Methods.csproj", "{0F7B4574-31CC-4A11-BDB8-E5BD301A44AE}"
EndProject
Project("{FAE04EC0-301F-11D3-BF4B-00C04F79EFBC}") = "Test Client", "Test Client\Test Client.csproj", "{D2788C68-B435-48F6-ABAC-B11CCD962F80}"
EndProject
Global
	GlobalSection(SolutionConfigurationPlatforms) = preSolution
		Debug|Any CPU = Debug|Any CPU
		Release|Any CPU = Release|Any CPU
	EndGlobalSection
	GlobalSection(ProjectConfigurationPlatforms) = postSolution
		{231F5AA4-DFA4-415B-B10B-C436A6176350}.Debug|Any CPU.ActiveCfg = Debug|Any CPU
		{231F5AA4-DFA4-415B-B10B-C436A6176350}.Debug|Any CPU.Build.0 = Debug|Any CPU
		{231F5AA4-DFA4-415B-B10B-C436A6176350}.Release|Any CPU.ActiveCfg = Release|Any CPU
		{231F5AA4-DFA4-415B-B10B-C436A6176350}.Release|Any CPU.Build.0 = Release|Any CPU
		{0F7B4574-31CC-4A11-BDB8-E5BD301A44AE}.Debug|Any CPU.ActiveCfg = Debug|Any CPU
		{0F7B4574-31CC-4A11-BDB8-E5BD301A44AE}.Debug|Any CPU.Build.0 = Debug|Any CPU
		{0F7B4574-31CC-4A11-BDB8-E5BD301A44AE}.Release|Any CPU.ActiveCfg = Release|Any CPU
		{0F7B4574-31CC-4A11-BDB8-E5BD301A44AE}.Release|Any CPU.Build.0 = Release|Any CPU
		{D2788C68-B435-48F6-ABAC-B11CCD962F80}.Debug|Any CPU.ActiveCfg = Debug|Any CPU
		{D2788C68-B435-48F6-ABAC-B11CCD962F80}.Debug|Any CPU.Build.0 = Debug|Any CPU
		{D2788C68-B435-48F6-ABAC-B11CCD962F80}.Release|Any CPU.ActiveCfg = Release|Any CPU
		{D2788C68-B435-48F6-ABAC-B11CCD962F80}.Release|Any CPU.Build.0 = Release|Any CPU
	EndGlobalSection
	GlobalSection(SolutionProperties) = preSolution
		HideSolutionNode = FALSE
	EndGlobalSection
	GlobalSection(ExtensibilityGlobals) = postSolution
		SolutionGuid = {BA2DBAC9-C8E6-4465-A21E-73A95E307DE9}
	EndGlobalSection
EndGlobal
